
Microsoft Visual Studio Solution File, Format Version 12.00
# Visual Studio 15
VisualStudioVersion = 15.0.28010.2048
MinimumVisualStudioVersion = 10.0.40219.1
Project("{FAE04EC0-301F-11D3-BF4B-00C04F79EFBC}") = "helloworld", "helloworld\helloworld.csproj", "{FE83D778-911D-40D3-9A55-CB7600944C33}"
EndProject
Project("{FAE04EC0-301F-11D3-BF4B-00C04F79EFBC}") = "RectangleApplication", "RectangleApplication\RectangleApplication.csproj", "{0BDD97BB-B1FF-4DDE-83EC-CB194B65E489}"
EndProject
Project("{FAE04EC0-301F-11D3-BF4B-00C04F79EFBC}") = "3VariableDefinition", "3VariableDefinition\3VariableDefinition.csproj", "{D70CFB99-2D32-4077-A96C-B9929B328B97}"
EndProject
Project("{2150E333-8FDC-42A3-9474-1A3956D46DE8}") = "Operators", "Operators", "{5A7EBD27-7DD4-450C-9B62-5438DB604DBA}"
EndProject
Project("{FAE04EC0-301F-11D3-BF4B-00C04F79EFBC}") = "1ArithmaticOperators", "ArithmaticOperators\1ArithmaticOperators.csproj", "{1B08512C-972D-4FCF-AA0F-7B9D3B626EC7}"
EndProject
Project("{FAE04EC0-301F-11D3-BF4B-00C04F79EFBC}") = "2RelationalOperators", "RelationalOperators\2RelationalOperators.csproj", "{9EC919F1-AA52-4426-9AD9-B0DD31F0A23B}"
EndProject
Project("{FAE04EC0-301F-11D3-BF4B-00C04F79EFBC}") = "3LogicalOperators", "LogicalOperators\3LogicalOperators.csproj", "{A3CD79AB-18E1-4FF1-9744-8A4BE2D22E34}"
EndProject
Project("{FAE04EC0-301F-11D3-BF4B-00C04F79EFBC}") = "4BitwiseOperators", "BitwiseOperators\4BitwiseOperators.csproj", "{224BF1A7-2508-4DD8-949D-795B4BE6A9B2}"
EndProject
Project("{FAE04EC0-301F-11D3-BF4B-00C04F79EFBC}") = "5AssignmentOperators", "AssignmentOperators\5AssignmentOperators.csproj", "{6D7652F9-DC84-411B-B4B0-FB1AC8AB1DFD}"
EndProject
Project("{FAE04EC0-301F-11D3-BF4B-00C04F79EFBC}") = "6MiscellaneousOperators", "MiscellaneousOperators\6MiscellaneousOperators.csproj", "{BCDEF35C-4332-43B9-8760-9955FB9BAB73}"
EndProject
Project("{2150E333-8FDC-42A3-9474-1A3956D46DE8}") = "DecisionMaking", "DecisionMaking", "{6D88A0A5-74E6-4218-8633-479D50FE1CA3}"
EndProject
Project("{FAE04EC0-301F-11D3-BF4B-00C04F79EFBC}") = "IfStatement", "IfStatement\IfStatement.csproj", "{AA091A85-1CF6-4D63-B8A6-CC2BFCA4D952}"
EndProject
Project("{FAE04EC0-301F-11D3-BF4B-00C04F79EFBC}") = "Strings", "Strings\Strings.csproj", "{1A981C59-025A-4B78-9E37-753237034841}"
EndProject
Project("{9A19103F-16F7-4668-BE54-9A1E7A4F7556}") = "IfElseStatment", "IfElseStatment\IfElseStatment.csproj", "{66AB7EAD-E8E4-49A6-90D4-654F0A727FF8}"
EndProject
Project("{FAE04EC0-301F-11D3-BF4B-00C04F79EFBC}") = "DecisionMaking", "DecisionMaking\DecisionMaking.csproj", "{69E8C497-E389-4FBD-A41B-A8DF882ED535}"
EndProject
Project("{2150E333-8FDC-42A3-9474-1A3956D46DE8}") = "Looping", "Looping", "{5BD67916-3A90-4A4C-98C1-F239BFA9D4DF}"
EndProject
Project("{FAE04EC0-301F-11D3-BF4B-00C04F79EFBC}") = "Loops", "Loops\Loops.csproj", "{8D1D5A95-EC7A-45C5-8411-FE34EB97C9D4}"
EndProject
Project("{2150E333-8FDC-42A3-9474-1A3956D46DE8}") = "Encapsulation", "Encapsulation", "{0BF9D4EF-EB56-48D4-B474-2682579BF46A}"
EndProject
Project("{FAE04EC0-301F-11D3-BF4B-00C04F79EFBC}") = "PublicAccessSpecifier", "PublicAccessSpecifier\PublicAccessSpecifier.csproj", "{DD8426E7-4875-4AFA-8CE4-21B0AB1F2856}"
EndProject
Project("{FAE04EC0-301F-11D3-BF4B-00C04F79EFBC}") = "PrivateAccessSpecifier", "PrivateAccessSpecifier\PrivateAccessSpecifier.csproj", "{66CA1F33-7E01-4AC6-A4FA-4C1CF90E6DE3}"
EndProject
Project("{2150E333-8FDC-42A3-9474-1A3956D46DE8}") = "Methods", "Methods", "{93607223-744A-428B-BBE2-0354C06113DA}"
EndProject
Project("{FAE04EC0-301F-11D3-BF4B-00C04F79EFBC}") = "Methods", "Methods\Methods.csproj", "{6180C010-A4D5-45F3-805C-DF7D25D58E07}"
EndProject
Project("{FAE04EC0-301F-11D3-BF4B-00C04F79EFBC}") = "Arrays", "Arrays\Arrays.csproj", "{085BB6C6-97EE-4478-BD84-169B357AAA75}"
EndProject
Project("{2150E333-8FDC-42A3-9474-1A3956D46DE8}") = "OOPS", "OOPS", "{84218843-54E1-4BE9-B5B5-7172C4CFDE52}"
EndProject
Project("{FAE04EC0-301F-11D3-BF4B-00C04F79EFBC}") = "AccessModifiers", "AccessModifiers\AccessModifiers.csproj", "{0C5C076C-D08D-41F4-AF11-AF823A13F1A6}"
EndProject
Project("{FAE04EC0-301F-11D3-BF4B-00C04F79EFBC}") = "InterfaceSample", "InterfaceSample\InterfaceSample.csproj", "{D64C98C6-6F50-4223-8648-EC280F7212E2}"
EndProject
Project("{FAE04EC0-301F-11D3-BF4B-00C04F79EFBC}") = "AbstractSample", "AbstractSample\AbstractSample.csproj", "{220C8216-024D-4DE5-A8F5-511E26D7B7E7}"
EndProject
Project("{FAE04EC0-301F-11D3-BF4B-00C04F79EFBC}") = "ExceptionHandling", "ExceptionHandling\ExceptionHandling.csproj", "{24A2CDB3-6DB6-4D1D-9E6F-5AC4377FBDF4}"
EndProject
Project("{FAE04EC0-301F-11D3-BF4B-00C04F79EFBC}") = "FileIO", "FileIO\FileIO.csproj", "{B3A53053-B8CC-4AB7-99C0-09486767A69D}"
EndProject
Project("{FAE04EC0-301F-11D3-BF4B-00C04F79EFBC}") = "WinformSample", "WinformSample\WinformSample.csproj", "{AD33F3CD-C4D8-4205-9723-FFC956425A6E}"
EndProject
Project("{FAE04EC0-301F-11D3-BF4B-00C04F79EFBC}") = "SimpleCalculator", "SimpleCalculator\SimpleCalculator.csproj", "{E77B832C-0204-4B5B-AC8B-B534F571960C}"
EndProject
Project("{FAE04EC0-301F-11D3-BF4B-00C04F79EFBC}") = "OperatorOverloadingConsole", "OperatorOverloadingConsole\OperatorOverloadingConsole.csproj", "{76071D3A-E01E-4561-8E5E-F883C99E37B9}"
EndProject
Project("{FAE04EC0-301F-11D3-BF4B-00C04F79EFBC}") = "ADOApplication", "ADOApplication\ADOApplication.csproj", "{A764C0F5-7FB7-487B-B172-256EA7BE440B}"
EndProject
Global
	GlobalSection(SolutionConfigurationPlatforms) = preSolution
		Debug|Any CPU = Debug|Any CPU
		Release|Any CPU = Release|Any CPU
	EndGlobalSection
	GlobalSection(ProjectConfigurationPlatforms) = postSolution
		{FE83D778-911D-40D3-9A55-CB7600944C33}.Debug|Any CPU.ActiveCfg = Debug|Any CPU
		{FE83D778-911D-40D3-9A55-CB7600944C33}.Debug|Any CPU.Build.0 = Debug|Any CPU
		{FE83D778-911D-40D3-9A55-CB7600944C33}.Release|Any CPU.ActiveCfg = Release|Any CPU
		{FE83D778-911D-40D3-9A55-CB7600944C33}.Release|Any CPU.Build.0 = Release|Any CPU
		{0BDD97BB-B1FF-4DDE-83EC-CB194B65E489}.Debug|Any CPU.ActiveCfg = Debug|Any CPU
		{0BDD97BB-B1FF-4DDE-83EC-CB194B65E489}.Debug|Any CPU.Build.0 = Debug|Any CPU
		{0BDD97BB-B1FF-4DDE-83EC-CB194B65E489}.Release|Any CPU.ActiveCfg = Release|Any CPU
		{0BDD97BB-B1FF-4DDE-83EC-CB194B65E489}.Release|Any CPU.Build.0 = Release|Any CPU
		{D70CFB99-2D32-4077-A96C-B9929B328B97}.Debug|Any CPU.ActiveCfg = Debug|Any CPU
		{D70CFB99-2D32-4077-A96C-B9929B328B97}.Debug|Any CPU.Build.0 = Debug|Any CPU
		{D70CFB99-2D32-4077-A96C-B9929B328B97}.Release|Any CPU.ActiveCfg = Release|Any CPU
		{D70CFB99-2D32-4077-A96C-B9929B328B97}.Release|Any CPU.Build.0 = Release|Any CPU
		{1B08512C-972D-4FCF-AA0F-7B9D3B626EC7}.Debug|Any CPU.ActiveCfg = Debug|Any CPU
		{1B08512C-972D-4FCF-AA0F-7B9D3B626EC7}.Debug|Any CPU.Build.0 = Debug|Any CPU
		{1B08512C-972D-4FCF-AA0F-7B9D3B626EC7}.Release|Any CPU.ActiveCfg = Release|Any CPU
		{1B08512C-972D-4FCF-AA0F-7B9D3B626EC7}.Release|Any CPU.Build.0 = Release|Any CPU
		{9EC919F1-AA52-4426-9AD9-B0DD31F0A23B}.Debug|Any CPU.ActiveCfg = Debug|Any CPU
		{9EC919F1-AA52-4426-9AD9-B0DD31F0A23B}.Debug|Any CPU.Build.0 = Debug|Any CPU
		{9EC919F1-AA52-4426-9AD9-B0DD31F0A23B}.Release|Any CPU.ActiveCfg = Release|Any CPU
		{9EC919F1-AA52-4426-9AD9-B0DD31F0A23B}.Release|Any CPU.Build.0 = Release|Any CPU
		{A3CD79AB-18E1-4FF1-9744-8A4BE2D22E34}.Debug|Any CPU.ActiveCfg = Debug|Any CPU
		{A3CD79AB-18E1-4FF1-9744-8A4BE2D22E34}.Debug|Any CPU.Build.0 = Debug|Any CPU
		{A3CD79AB-18E1-4FF1-9744-8A4BE2D22E34}.Release|Any CPU.ActiveCfg = Release|Any CPU
		{A3CD79AB-18E1-4FF1-9744-8A4BE2D22E34}.Release|Any CPU.Build.0 = Release|Any CPU
		{224BF1A7-2508-4DD8-949D-795B4BE6A9B2}.Debug|Any CPU.ActiveCfg = Debug|Any CPU
		{224BF1A7-2508-4DD8-949D-795B4BE6A9B2}.Debug|Any CPU.Build.0 = Debug|Any CPU
		{224BF1A7-2508-4DD8-949D-795B4BE6A9B2}.Release|Any CPU.ActiveCfg = Release|Any CPU
		{224BF1A7-2508-4DD8-949D-795B4BE6A9B2}.Release|Any CPU.Build.0 = Release|Any CPU
		{6D7652F9-DC84-411B-B4B0-FB1AC8AB1DFD}.Debug|Any CPU.ActiveCfg = Debug|Any CPU
		{6D7652F9-DC84-411B-B4B0-FB1AC8AB1DFD}.Debug|Any CPU.Build.0 = Debug|Any CPU
		{6D7652F9-DC84-411B-B4B0-FB1AC8AB1DFD}.Release|Any CPU.ActiveCfg = Release|Any CPU
		{6D7652F9-DC84-411B-B4B0-FB1AC8AB1DFD}.Release|Any CPU.Build.0 = Release|Any CPU
		{BCDEF35C-4332-43B9-8760-9955FB9BAB73}.Debug|Any CPU.ActiveCfg = Debug|Any CPU
		{BCDEF35C-4332-43B9-8760-9955FB9BAB73}.Debug|Any CPU.Build.0 = Debug|Any CPU
		{BCDEF35C-4332-43B9-8760-9955FB9BAB73}.Release|Any CPU.ActiveCfg = Release|Any CPU
		{BCDEF35C-4332-43B9-8760-9955FB9BAB73}.Release|Any CPU.Build.0 = Release|Any CPU
		{AA091A85-1CF6-4D63-B8A6-CC2BFCA4D952}.Debug|Any CPU.ActiveCfg = Debug|Any CPU
		{AA091A85-1CF6-4D63-B8A6-CC2BFCA4D952}.Debug|Any CPU.Build.0 = Debug|Any CPU
		{AA091A85-1CF6-4D63-B8A6-CC2BFCA4D952}.Release|Any CPU.ActiveCfg = Release|Any CPU
		{AA091A85-1CF6-4D63-B8A6-CC2BFCA4D952}.Release|Any CPU.Build.0 = Release|Any CPU
		{1A981C59-025A-4B78-9E37-753237034841}.Debug|Any CPU.ActiveCfg = Debug|Any CPU
		{1A981C59-025A-4B78-9E37-753237034841}.Debug|Any CPU.Build.0 = Debug|Any CPU
		{1A981C59-025A-4B78-9E37-753237034841}.Release|Any CPU.ActiveCfg = Release|Any CPU
		{1A981C59-025A-4B78-9E37-753237034841}.Release|Any CPU.Build.0 = Release|Any CPU
		{66AB7EAD-E8E4-49A6-90D4-654F0A727FF8}.Debug|Any CPU.ActiveCfg = Debug|Any CPU
		{66AB7EAD-E8E4-49A6-90D4-654F0A727FF8}.Debug|Any CPU.Build.0 = Debug|Any CPU
		{66AB7EAD-E8E4-49A6-90D4-654F0A727FF8}.Release|Any CPU.ActiveCfg = Release|Any CPU
		{66AB7EAD-E8E4-49A6-90D4-654F0A727FF8}.Release|Any CPU.Build.0 = Release|Any CPU
		{69E8C497-E389-4FBD-A41B-A8DF882ED535}.Debug|Any CPU.ActiveCfg = Debug|Any CPU
		{69E8C497-E389-4FBD-A41B-A8DF882ED535}.Debug|Any CPU.Build.0 = Debug|Any CPU
		{69E8C497-E389-4FBD-A41B-A8DF882ED535}.Release|Any CPU.ActiveCfg = Release|Any CPU
		{69E8C497-E389-4FBD-A41B-A8DF882ED535}.Release|Any CPU.Build.0 = Release|Any CPU
		{8D1D5A95-EC7A-45C5-8411-FE34EB97C9D4}.Debug|Any CPU.ActiveCfg = Debug|Any CPU
		{8D1D5A95-EC7A-45C5-8411-FE34EB97C9D4}.Debug|Any CPU.Build.0 = Debug|Any CPU
		{8D1D5A95-EC7A-45C5-8411-FE34EB97C9D4}.Release|Any CPU.ActiveCfg = Release|Any CPU
		{8D1D5A95-EC7A-45C5-8411-FE34EB97C9D4}.Release|Any CPU.Build.0 = Release|Any CPU
		{DD8426E7-4875-4AFA-8CE4-21B0AB1F2856}.Debug|Any CPU.ActiveCfg = Debug|Any CPU
		{DD8426E7-4875-4AFA-8CE4-21B0AB1F2856}.Debug|Any CPU.Build.0 = Debug|Any CPU
		{DD8426E7-4875-4AFA-8CE4-21B0AB1F2856}.Release|Any CPU.ActiveCfg = Release|Any CPU
		{DD8426E7-4875-4AFA-8CE4-21B0AB1F2856}.Release|Any CPU.Build.0 = Release|Any CPU
		{66CA1F33-7E01-4AC6-A4FA-4C1CF90E6DE3}.Debug|Any CPU.ActiveCfg = Debug|Any CPU
		{66CA1F33-7E01-4AC6-A4FA-4C1CF90E6DE3}.Debug|Any CPU.Build.0 = Debug|Any CPU
		{66CA1F33-7E01-4AC6-A4FA-4C1CF90E6DE3}.Release|Any CPU.ActiveCfg = Release|Any CPU
		{66CA1F33-7E01-4AC6-A4FA-4C1CF90E6DE3}.Release|Any CPU.Build.0 = Release|Any CPU
		{6180C010-A4D5-45F3-805C-DF7D25D58E07}.Debug|Any CPU.ActiveCfg = Debug|Any CPU
		{6180C010-A4D5-45F3-805C-DF7D25D58E07}.Debug|Any CPU.Build.0 = Debug|Any CPU
		{6180C010-A4D5-45F3-805C-DF7D25D58E07}.Release|Any CPU.ActiveCfg = Release|Any CPU
		{6180C010-A4D5-45F3-805C-DF7D25D58E07}.Release|Any CPU.Build.0 = Release|Any CPU
		{085BB6C6-97EE-4478-BD84-169B357AAA75}.Debug|Any CPU.ActiveCfg = Debug|Any CPU
		{085BB6C6-97EE-4478-BD84-169B357AAA75}.Debug|Any CPU.Build.0 = Debug|Any CPU
		{085BB6C6-97EE-4478-BD84-169B357AAA75}.Release|Any CPU.ActiveCfg = Release|Any CPU
		{085BB6C6-97EE-4478-BD84-169B357AAA75}.Release|Any CPU.Build.0 = Release|Any CPU
		{0C5C076C-D08D-41F4-AF11-AF823A13F1A6}.Debug|Any CPU.ActiveCfg = Debug|Any CPU
		{0C5C076C-D08D-41F4-AF11-AF823A13F1A6}.Debug|Any CPU.Build.0 = Debug|Any CPU
		{0C5C076C-D08D-41F4-AF11-AF823A13F1A6}.Release|Any CPU.ActiveCfg = Release|Any CPU
		{0C5C076C-D08D-41F4-AF11-AF823A13F1A6}.Release|Any CPU.Build.0 = Release|Any CPU
		{D64C98C6-6F50-4223-8648-EC280F7212E2}.Debug|Any CPU.ActiveCfg = Debug|Any CPU
		{D64C98C6-6F50-4223-8648-EC280F7212E2}.Debug|Any CPU.Build.0 = Debug|Any CPU
		{D64C98C6-6F50-4223-8648-EC280F7212E2}.Release|Any CPU.ActiveCfg = Release|Any CPU
		{D64C98C6-6F50-4223-8648-EC280F7212E2}.Release|Any CPU.Build.0 = Release|Any CPU
		{220C8216-024D-4DE5-A8F5-511E26D7B7E7}.Debug|Any CPU.ActiveCfg = Debug|Any CPU
		{220C8216-024D-4DE5-A8F5-511E26D7B7E7}.Debug|Any CPU.Build.0 = Debug|Any CPU
		{220C8216-024D-4DE5-A8F5-511E26D7B7E7}.Release|Any CPU.ActiveCfg = Release|Any CPU
		{220C8216-024D-4DE5-A8F5-511E26D7B7E7}.Release|Any CPU.Build.0 = Release|Any CPU
		{24A2CDB3-6DB6-4D1D-9E6F-5AC4377FBDF4}.Debug|Any CPU.ActiveCfg = Debug|Any CPU
		{24A2CDB3-6DB6-4D1D-9E6F-5AC4377FBDF4}.Debug|Any CPU.Build.0 = Debug|Any CPU
		{24A2CDB3-6DB6-4D1D-9E6F-5AC4377FBDF4}.Release|Any CPU.ActiveCfg = Release|Any CPU
		{24A2CDB3-6DB6-4D1D-9E6F-5AC4377FBDF4}.Release|Any CPU.Build.0 = Release|Any CPU
		{B3A53053-B8CC-4AB7-99C0-09486767A69D}.Debug|Any CPU.ActiveCfg = Debug|Any CPU
		{B3A53053-B8CC-4AB7-99C0-09486767A69D}.Debug|Any CPU.Build.0 = Debug|Any CPU
		{B3A53053-B8CC-4AB7-99C0-09486767A69D}.Release|Any CPU.ActiveCfg = Release|Any CPU
		{B3A53053-B8CC-4AB7-99C0-09486767A69D}.Release|Any CPU.Build.0 = Release|Any CPU
		{AD33F3CD-C4D8-4205-9723-FFC956425A6E}.Debug|Any CPU.ActiveCfg = Debug|Any CPU
		{AD33F3CD-C4D8-4205-9723-FFC956425A6E}.Debug|Any CPU.Build.0 = Debug|Any CPU
		{AD33F3CD-C4D8-4205-9723-FFC956425A6E}.Release|Any CPU.ActiveCfg = Release|Any CPU
		{AD33F3CD-C4D8-4205-9723-FFC956425A6E}.Release|Any CPU.Build.0 = Release|Any CPU
		{E77B832C-0204-4B5B-AC8B-B534F571960C}.Debug|Any CPU.ActiveCfg = Debug|Any CPU
		{E77B832C-0204-4B5B-AC8B-B534F571960C}.Debug|Any CPU.Build.0 = Debug|Any CPU
		{E77B832C-0204-4B5B-AC8B-B534F571960C}.Release|Any CPU.ActiveCfg = Release|Any CPU
		{E77B832C-0204-4B5B-AC8B-B534F571960C}.Release|Any CPU.Build.0 = Release|Any CPU
		{76071D3A-E01E-4561-8E5E-F883C99E37B9}.Debug|Any CPU.ActiveCfg = Debug|Any CPU
		{76071D3A-E01E-4561-8E5E-F883C99E37B9}.Debug|Any CPU.Build.0 = Debug|Any CPU
		{76071D3A-E01E-4561-8E5E-F883C99E37B9}.Release|Any CPU.ActiveCfg = Release|Any CPU
		{76071D3A-E01E-4561-8E5E-F883C99E37B9}.Release|Any CPU.Build.0 = Release|Any CPU
		{A764C0F5-7FB7-487B-B172-256EA7BE440B}.Debug|Any CPU.ActiveCfg = Debug|Any CPU
		{A764C0F5-7FB7-487B-B172-256EA7BE440B}.Debug|Any CPU.Build.0 = Debug|Any CPU
		{A764C0F5-7FB7-487B-B172-256EA7BE440B}.Release|Any CPU.ActiveCfg = Release|Any CPU
		{A764C0F5-7FB7-487B-B172-256EA7BE440B}.Release|Any CPU.Build.0 = Release|Any CPU
	EndGlobalSection
	GlobalSection(SolutionProperties) = preSolution
		HideSolutionNode = FALSE
	EndGlobalSection
	GlobalSection(NestedProjects) = preSolution
		{1B08512C-972D-4FCF-AA0F-7B9D3B626EC7} = {5A7EBD27-7DD4-450C-9B62-5438DB604DBA}
		{9EC919F1-AA52-4426-9AD9-B0DD31F0A23B} = {5A7EBD27-7DD4-450C-9B62-5438DB604DBA}
		{A3CD79AB-18E1-4FF1-9744-8A4BE2D22E34} = {5A7EBD27-7DD4-450C-9B62-5438DB604DBA}
		{224BF1A7-2508-4DD8-949D-795B4BE6A9B2} = {5A7EBD27-7DD4-450C-9B62-5438DB604DBA}
		{6D7652F9-DC84-411B-B4B0-FB1AC8AB1DFD} = {5A7EBD27-7DD4-450C-9B62-5438DB604DBA}
		{BCDEF35C-4332-43B9-8760-9955FB9BAB73} = {5A7EBD27-7DD4-450C-9B62-5438DB604DBA}
		{AA091A85-1CF6-4D63-B8A6-CC2BFCA4D952} = {6D88A0A5-74E6-4218-8633-479D50FE1CA3}
		{66AB7EAD-E8E4-49A6-90D4-654F0A727FF8} = {6D88A0A5-74E6-4218-8633-479D50FE1CA3}
		{69E8C497-E389-4FBD-A41B-A8DF882ED535} = {6D88A0A5-74E6-4218-8633-479D50FE1CA3}
		{8D1D5A95-EC7A-45C5-8411-FE34EB97C9D4} = {5BD67916-3A90-4A4C-98C1-F239BFA9D4DF}
		{DD8426E7-4875-4AFA-8CE4-21B0AB1F2856} = {0BF9D4EF-EB56-48D4-B474-2682579BF46A}
		{66CA1F33-7E01-4AC6-A4FA-4C1CF90E6DE3} = {0BF9D4EF-EB56-48D4-B474-2682579BF46A}
		{6180C010-A4D5-45F3-805C-DF7D25D58E07} = {93607223-744A-428B-BBE2-0354C06113DA}
		{0C5C076C-D08D-41F4-AF11-AF823A13F1A6} = {84218843-54E1-4BE9-B5B5-7172C4CFDE52}
	EndGlobalSection
	GlobalSection(ExtensibilityGlobals) = postSolution
		SolutionGuid = {0A74550A-E901-40BB-90E3-14847C248192}
	EndGlobalSection
EndGlobal
